{
  "version": 4,
  "terraform_version": "1.0.5",
  "serial": 6,
  "lineage": "6f0f3e9b-3624-2bdd-a207-8973a21f3021",
  "outputs": {
    "warning": {
      "value": "WARNING: make sure you're not using the AdministratorAccess policy for other users/groups/roles. If this is the case, don't run terraform destroy, but manually unlink the created resources",
      "type": "string"
    }
  },
  "resources": [
    {
      "mode": "managed",
      "type": "aws_iam_group",
      "name": "administrators",
      "provider": "provider[\"registry.terraform.io/hashicorp/aws\"]",
      "instances": [
        {
          "schema_version": 0,
          "attributes": {
            "arn": "arn:aws:iam::196560252427:group/administrators",
            "id": "administrators",
            "name": "administrators",
            "path": "/",
            "unique_id": "AGPAS3Q7HNYFZXHGQBV37"
          },
          "sensitive_attributes": [],
          "private": "bnVsbA=="
        }
      ]
    },
    {
      "mode": "managed",
      "type": "aws_iam_group_membership",
      "name": "administrators-users",
      "provider": "provider[\"registry.terraform.io/hashicorp/aws\"]",
      "instances": [
        {
          "schema_version": 0,
          "attributes": {
            "group": "administrators",
            "id": "administrators-users",
            "name": "administrators-users",
            "users": [
              "admin1",
              "admin2"
            ]
          },
          "sensitive_attributes": [],
          "private": "bnVsbA==",
          "dependencies": [
            "aws_iam_group.administrators",
            "aws_iam_user.admin1",
            "aws_iam_user.admin2"
          ]
        }
      ]
    },
    {
      "mode": "managed",
      "type": "aws_iam_policy_attachment",
      "name": "administrators-attach",
      "provider": "provider[\"registry.terraform.io/hashicorp/aws\"]",
      "instances": [
        {
          "schema_version": 0,
          "attributes": {
            "groups": [
              "administrators"
            ],
            "id": "administrators-attach",
            "name": "administrators-attach",
            "policy_arn": "arn:aws:iam::aws:policy/AdministratorAccess",
            "roles": null,
            "users": null
          },
          "sensitive_attributes": [],
          "private": "bnVsbA==",
          "dependencies": [
            "aws_iam_group.administrators"
          ]
        }
      ]
    },
    {
      "mode": "managed",
      "type": "aws_iam_user",
      "name": "admin1",
      "provider": "provider[\"registry.terraform.io/hashicorp/aws\"]",
      "instances": [
        {
          "schema_version": 0,
          "attributes": {
            "arn": "arn:aws:iam::196560252427:user/admin1",
            "force_destroy": false,
            "id": "admin1",
            "name": "admin1",
            "path": "/",
            "permissions_boundary": null,
            "tags": null,
            "tags_all": {},
            "unique_id": "AIDAS3Q7HNYFXNSNB5B5M"
          },
          "sensitive_attributes": [],
          "private": "bnVsbA=="
        }
      ]
    },
    {
      "mode": "managed",
      "type": "aws_iam_user",
      "name": "admin2",
      "provider": "provider[\"registry.terraform.io/hashicorp/aws\"]",
      "instances": [
        {
          "schema_version": 0,
          "attributes": {
            "arn": "arn:aws:iam::196560252427:user/admin2",
            "force_destroy": false,
            "id": "admin2",
            "name": "admin2",
            "path": "/",
            "permissions_boundary": null,
            "tags": null,
            "tags_all": {},
            "unique_id": "AIDAS3Q7HNYF3KZIBJWLI"
          },
          "sensitive_attributes": [],
          "private": "bnVsbA=="
        }
      ]
    }
  ]
}
